
Microsoft Visual Studio Solution File, Format Version 12.00
# Visual Studio 15
Project("{FAE04EC0-301F-11D3-BF4B-00C04F79EFBC}") = "Assembly-CSharp", "Assembly-CSharp.csproj", "{B86F06FB-E930-DADE-9EE3-BD15D14A4D2D}"
EndProject
Project("{FAE04EC0-301F-11D3-BF4B-00C04F79EFBC}") = "Assembly-CSharp-Editor", "Assembly-CSharp-Editor.csproj", "{625AC1B8-AA29-9022-DC1C-226F7A97C11A}"
EndProject
Global
	GlobalSection(SolutionConfigurationPlatforms) = preSolution
		Debug|Any CPU = Debug|Any CPU
		Release|Any CPU = Release|Any CPU
	EndGlobalSection
	GlobalSection(ProjectConfigurationPlatforms) = postSolution
		{B86F06FB-E930-DADE-9EE3-BD15D14A4D2D}.Debug|Any CPU.ActiveCfg = Debug|Any CPU
		{B86F06FB-E930-DADE-9EE3-BD15D14A4D2D}.Debug|Any CPU.Build.0 = Debug|Any CPU
		{B86F06FB-E930-DADE-9EE3-BD15D14A4D2D}.Release|Any CPU.ActiveCfg = Release|Any CPU
		{B86F06FB-E930-DADE-9EE3-BD15D14A4D2D}.Release|Any CPU.Build.0 = Release|Any CPU
		{625AC1B8-AA29-9022-DC1C-226F7A97C11A}.Debug|Any CPU.ActiveCfg = Debug|Any CPU
		{625AC1B8-AA29-9022-DC1C-226F7A97C11A}.Debug|Any CPU.Build.0 = Debug|Any CPU
		{625AC1B8-AA29-9022-DC1C-226F7A97C11A}.Release|Any CPU.ActiveCfg = Release|Any CPU
		{625AC1B8-AA29-9022-DC1C-226F7A97C11A}.Release|Any CPU.Build.0 = Release|Any CPU
	EndGlobalSection
	GlobalSection(SolutionProperties) = preSolution
		HideSolutionNode = FALSE
	EndGlobalSection
EndGlobal
